
Microsoft Visual Studio Solution File, Format Version 12.00
# Visual Studio Version 16
VisualStudioVersion = 16.0.31129.286
MinimumVisualStudioVersion = 10.0.40219.1
Project("{FAE04EC0-301F-11D3-BF4B-00C04F79EFBC}") = "ApiTreino", "ApiTreino\ApiTreino.csproj", "{A85C3B27-7372-47E2-9A8E-0828EBC0E03E}"
EndProject
Global
	GlobalSection(SolutionConfigurationPlatforms) = preSolution
		Debug|Any CPU = Debug|Any CPU
		Release|Any CPU = Release|Any CPU
	EndGlobalSection
	GlobalSection(ProjectConfigurationPlatforms) = postSolution
		{A85C3B27-7372-47E2-9A8E-0828EBC0E03E}.Debug|Any CPU.ActiveCfg = Debug|Any CPU
		{A85C3B27-7372-47E2-9A8E-0828EBC0E03E}.Debug|Any CPU.Build.0 = Debug|Any CPU
		{A85C3B27-7372-47E2-9A8E-0828EBC0E03E}.Release|Any CPU.ActiveCfg = Release|Any CPU
		{A85C3B27-7372-47E2-9A8E-0828EBC0E03E}.Release|Any CPU.Build.0 = Release|Any CPU
	EndGlobalSection
	GlobalSection(SolutionProperties) = preSolution
		HideSolutionNode = FALSE
	EndGlobalSection
	GlobalSection(ExtensibilityGlobals) = postSolution
		SolutionGuid = {D19DAB6B-0D61-416E-B98C-25B04202CA78}
	EndGlobalSection
EndGlobal
